Microsoft Visual Studio Solution File, Format Version 12.00
# Visual Studio Version 17
VisualStudioVersion = 17.5.2.0
MinimumVisualStudioVersion = 10.0.40219.1
Project("{FAE04EC0-301F-11D3-BF4B-00C04F79EFBC}") = "AzurePortfolioAPI", "AzurePortfolioAPI\AzurePortfolioAPI.csproj", "{009522CD-6B2F-B8E4-FDF4-D40650BDF8C8}"
EndProject
Project("{FAE04EC0-301F-11D3-BF4B-00C04F79EFBC}") = "AzurePortfolioAPI.Tests", "AzurePortfolioAPI.Tests\AzurePortfolioAPI.Tests.csproj", "{6AD6A1DB-B869-4CE3-94FB-DE07DC2418A4}"
EndProject
Global
	GlobalSection(SolutionConfigurationPlatforms) = preSolution
		Debug|Any CPU = Debug|Any CPU
		Release|Any CPU = Release|Any CPU
	EndGlobalSection
	GlobalSection(ProjectConfigurationPlatforms) = postSolution
		{009522CD-6B2F-B8E4-FDF4-D40650BDF8C8}.Debug|Any CPU.ActiveCfg = Debug|Any CPU
		{009522CD-6B2F-B8E4-FDF4-D40650BDF8C8}.Debug|Any CPU.Build.0 = Debug|Any CPU
		{009522CD-6B2F-B8E4-FDF4-D40650BDF8C8}.Release|Any CPU.ActiveCfg = Release|Any CPU
		{009522CD-6B2F-B8E4-FDF4-D40650BDF8C8}.Release|Any CPU.Build.0 = Release|Any CPU
		{6AD6A1DB-B869-4CE3-94FB-DE07DC2418A4}.Debug|Any CPU.ActiveCfg = Debug|Any CPU
		{6AD6A1DB-B869-4CE3-94FB-DE07DC2418A4}.Debug|Any CPU.Build.0 = Debug|Any CPU
		{6AD6A1DB-B869-4CE3-94FB-DE07DC2418A4}.Release|Any CPU.ActiveCfg = Release|Any CPU
		{6AD6A1DB-B869-4CE3-94FB-DE07DC2418A4}.Release|Any CPU.Build.0 = Release|Any CPU
	EndGlobalSection
	GlobalSection(SolutionProperties) = preSolution
		HideSolutionNode = FALSE
	EndGlobalSection
	GlobalSection(ExtensibilityGlobals) = postSolution
		SolutionGuid = {FE855A04-864D-430A-9237-0E1BD204DDED}
	EndGlobalSection
EndGlobal
