Microsoft Visual Studio Solution File, Format Version 12.00
# Visual Studio Version 17
VisualStudioVersion = 17.5.2.0
MinimumVisualStudioVersion = 10.0.40219.1
Project("{FAE04EC0-301F-11D3-BF4B-00C04F79EFBC}") = "AzurePortfolioAPI", "AzurePortfolioAPI\AzurePortfolioAPI.csproj", "{009522CD-6B2F-B8E4-FDF4-D40650BDF8C8}"
EndProject
Project("{2150E333-8FDC-42A3-9474-1A3956D46DE8}") = "AzurePortfolioAPI (1)", "AzurePortfolioAPI (1)", "{8C2DA2D4-B1FB-9D22-93E8-FB80E82324DC}"
EndProject
Project("{FAE04EC0-301F-11D3-BF4B-00C04F79EFBC}") = "AzurePortfolioAPI.Tests", "AzurePortfolioAPI\AzurePortfolioAPI.Tests\AzurePortfolioAPI.Tests.csproj", "{17A7541F-FD51-16B1-0059-54CC7E52679A}"
EndProject
Global
	GlobalSection(SolutionConfigurationPlatforms) = preSolution
		Debug|Any CPU = Debug|Any CPU
		Release|Any CPU = Release|Any CPU
	EndGlobalSection
	GlobalSection(ProjectConfigurationPlatforms) = postSolution
		{009522CD-6B2F-B8E4-FDF4-D40650BDF8C8}.Debug|Any CPU.ActiveCfg = Debug|Any CPU
		{009522CD-6B2F-B8E4-FDF4-D40650BDF8C8}.Debug|Any CPU.Build.0 = Debug|Any CPU
		{009522CD-6B2F-B8E4-FDF4-D40650BDF8C8}.Release|Any CPU.ActiveCfg = Release|Any CPU
		{009522CD-6B2F-B8E4-FDF4-D40650BDF8C8}.Release|Any CPU.Build.0 = Release|Any CPU
		{17A7541F-FD51-16B1-0059-54CC7E52679A}.Debug|Any CPU.ActiveCfg = Debug|Any CPU
		{17A7541F-FD51-16B1-0059-54CC7E52679A}.Debug|Any CPU.Build.0 = Debug|Any CPU
		{17A7541F-FD51-16B1-0059-54CC7E52679A}.Release|Any CPU.ActiveCfg = Release|Any CPU
		{17A7541F-FD51-16B1-0059-54CC7E52679A}.Release|Any CPU.Build.0 = Release|Any CPU
	EndGlobalSection
	GlobalSection(SolutionProperties) = preSolution
		HideSolutionNode = FALSE
	EndGlobalSection
	GlobalSection(NestedProjects) = preSolution
		{17A7541F-FD51-16B1-0059-54CC7E52679A} = {8C2DA2D4-B1FB-9D22-93E8-FB80E82324DC}
	EndGlobalSection
	GlobalSection(ExtensibilityGlobals) = postSolution
		SolutionGuid = {FE855A04-864D-430A-9237-0E1BD204DDED}
	EndGlobalSection
EndGlobal
